
Microsoft Visual Studio Solution File, Format Version 12.00
Project("{FAE04EC0-301F-11D3-BF4B-00C04F79EFBC}") = "Laptops", "Laptops\Laptops.csproj", "{EAF37CE6-B73B-4F9F-AC95-89CB54CBE530}"
EndProject
Global
	GlobalSection(SolutionConfigurationPlatforms) = preSolution
		Debug|Any CPU = Debug|Any CPU
		Release|Any CPU = Release|Any CPU
	EndGlobalSection
	GlobalSection(ProjectConfigurationPlatforms) = postSolution
		{EAF37CE6-B73B-4F9F-AC95-89CB54CBE530}.Debug|Any CPU.ActiveCfg = Debug|Any CPU
		{EAF37CE6-B73B-4F9F-AC95-89CB54CBE530}.Debug|Any CPU.Build.0 = Debug|Any CPU
		{EAF37CE6-B73B-4F9F-AC95-89CB54CBE530}.Release|Any CPU.ActiveCfg = Release|Any CPU
		{EAF37CE6-B73B-4F9F-AC95-89CB54CBE530}.Release|Any CPU.Build.0 = Release|Any CPU
	EndGlobalSection
EndGlobal
